
Microsoft Visual Studio Solution File, Format Version 12.00
# Visual Studio Version 16
VisualStudioVersion = 16.0.29201.188
MinimumVisualStudioVersion = 10.0.40219.1
Project("{FAE04EC0-301F-11D3-BF4B-00C04F79EFBC}") = "CommentSheetOMR", "CommentSheetOMR.csproj", "{6A75FFA3-319D-4845-B674-EA3028C94201}"
EndProject
Global
	GlobalSection(SolutionConfigurationPlatforms) = preSolution
		Debug|Any CPU = Debug|Any CPU
		Release|Any CPU = Release|Any CPU
	EndGlobalSection
	GlobalSection(ProjectConfigurationPlatforms) = postSolution
		{6A75FFA3-319D-4845-B674-EA3028C94201}.Debug|Any CPU.ActiveCfg = Debug|Any CPU
		{6A75FFA3-319D-4845-B674-EA3028C94201}.Debug|Any CPU.Build.0 = Debug|Any CPU
		{6A75FFA3-319D-4845-B674-EA3028C94201}.Release|Any CPU.ActiveCfg = Release|Any CPU
		{6A75FFA3-319D-4845-B674-EA3028C94201}.Release|Any CPU.Build.0 = Release|Any CPU
	EndGlobalSection
	GlobalSection(SolutionProperties) = preSolution
		HideSolutionNode = FALSE
	EndGlobalSection
	GlobalSection(ExtensibilityGlobals) = postSolution
		SolutionGuid = {99D94126-CF11-439E-AC60-77353C3D43AA}
	EndGlobalSection
EndGlobal
